
Microsoft Visual Studio Solution File, Format Version 12.00
# Visual Studio Version 16
VisualStudioVersion = 16.0.34301.259
MinimumVisualStudioVersion = 10.0.40219.1
Project("{FAE04EC0-301F-11D3-BF4B-00C04F79EFBC}") = "SeedChanger", "SeedChanger\SeedChanger.csproj", "{C96C025E-9766-4D28-B659-88ED50C6CB88}"
EndProject
Project("{FAE04EC0-301F-11D3-BF4B-00C04F79EFBC}") = "SandboxTool", "SandboxTool\SandboxTool.csproj", "{301A4984-283B-4D7A-AA73-0A0387AE972B}"
EndProject
Global
	GlobalSection(SolutionConfigurationPlatforms) = preSolution
		Debug|Any CPU = Debug|Any CPU
		Release|Any CPU = Release|Any CPU
	EndGlobalSection
	GlobalSection(ProjectConfigurationPlatforms) = postSolution
		{C96C025E-9766-4D28-B659-88ED50C6CB88}.Debug|Any CPU.ActiveCfg = Debug|Any CPU
		{C96C025E-9766-4D28-B659-88ED50C6CB88}.Debug|Any CPU.Build.0 = Debug|Any CPU
		{C96C025E-9766-4D28-B659-88ED50C6CB88}.Release|Any CPU.ActiveCfg = Release|Any CPU
		{C96C025E-9766-4D28-B659-88ED50C6CB88}.Release|Any CPU.Build.0 = Release|Any CPU
		{301A4984-283B-4D7A-AA73-0A0387AE972B}.Debug|Any CPU.ActiveCfg = Debug|Any CPU
		{301A4984-283B-4D7A-AA73-0A0387AE972B}.Debug|Any CPU.Build.0 = Debug|Any CPU
		{301A4984-283B-4D7A-AA73-0A0387AE972B}.Release|Any CPU.ActiveCfg = Release|Any CPU
		{301A4984-283B-4D7A-AA73-0A0387AE972B}.Release|Any CPU.Build.0 = Release|Any CPU
	EndGlobalSection
	GlobalSection(SolutionProperties) = preSolution
		HideSolutionNode = FALSE
	EndGlobalSection
	GlobalSection(ExtensibilityGlobals) = postSolution
		SolutionGuid = {1DBE7BEB-9A1A-4600-851C-7CC547BEFD78}
	EndGlobalSection
EndGlobal
